// !$*UTF8*$!
{
	archiveVersion = 1;
	classes = {
	};
	objectVersion = 77;
	objects = {

/* Begin PBXBuildFile section */
		822D49852D6422EB00B24063 /* AVFoundation.framework in Frameworks */ = {isa = PBXBuildFile; fileRef = 822D49842D6422EB00B24063 /* AVFoundation.framework */; };
		822D49872D6422FA00B24063 /* AudioToolbox.framework in Frameworks */ = {isa = PBXBuildFile; fileRef = 822D49862D6422FA00B24063 /* AudioToolbox.framework */; };
		822D49892D64230800B24063 /* CoreMedia.framework in Frameworks */ = {isa = PBXBuildFile; fileRef = 822D49882D64230800B24063 /* CoreMedia.framework */; };
		822D498B2D64231400B24063 /* CoreAudio.framework in Frameworks */ = {isa = PBXBuildFile; fileRef = 822D498A2D64231300B24063 /* CoreAudio.framework */; };
/* End PBXBuildFile section */

/* Begin PBXContainerItemProxy section */
		8217ED3B2D5EA84C00E5D94E /* PBXContainerItemProxy */ = {
			isa = PBXContainerItemProxy;
			containerPortal = 8217ED202D5EA84900E5D94E /* Project object */;
			proxyType = 1;
			remoteGlobalIDString = 8217ED272D5EA84900E5D94E;
			remoteInfo = Nidaa;
		};
		8217ED452D5EA84C00E5D94E /* PBXContainerItemProxy */ = {
			isa = PBXContainerItemProxy;
			containerPortal = 8217ED202D5EA84900E5D94E /* Project object */;
			proxyType = 1;
			remoteGlobalIDString = 8217ED272D5EA84900E5D94E;
			remoteInfo = Nidaa;
		};
/* End PBXContainerItemProxy section */

/* Begin PBXFileReference section */
		8217ED282D5EA84900E5D94E /* Nidaa.app */ = {isa = PBXFileReference; explicitFileType = wrapper.application; includeInIndex = 0; path = Nidaa.app; sourceTree = BUILT_PRODUCTS_DIR; };
		8217ED3A2D5EA84C00E5D94E /* NidaaTests.xctest */ = {isa = PBXFileReference; explicitFileType = wrapper.cfbundle; includeInIndex = 0; path = NidaaTests.xctest; sourceTree = BUILT_PRODUCTS_DIR; };
		8217ED442D5EA84C00E5D94E /* NidaaUITests.xctest */ = {isa = PBXFileReference; explicitFileType = wrapper.cfbundle; includeInIndex = 0; path = NidaaUITests.xctest; sourceTree = BUILT_PRODUCTS_DIR; };
		822D49842D6422EB00B24063 /* AVFoundation.framework */ = {isa = PBXFileReference; lastKnownFileType = wrapper.framework; name = AVFoundation.framework; path = System/Library/Frameworks/AVFoundation.framework; sourceTree = SDKROOT; };
		822D49862D6422FA00B24063 /* AudioToolbox.framework */ = {isa = PBXFileReference; lastKnownFileType = wrapper.framework; name = AudioToolbox.framework; path = System/Library/Frameworks/AudioToolbox.framework; sourceTree = SDKROOT; };
		822D49882D64230800B24063 /* CoreMedia.framework */ = {isa = PBXFileReference; lastKnownFileType = wrapper.framework; name = CoreMedia.framework; path = System/Library/Frameworks/CoreMedia.framework; sourceTree = SDKROOT; };
		822D498A2D64231300B24063 /* CoreAudio.framework */ = {isa = PBXFileReference; lastKnownFileType = wrapper.framework; name = CoreAudio.framework; path = System/Library/Frameworks/CoreAudio.framework; sourceTree = SDKROOT; };
/* End PBXFileReference section */

/* Begin PBXFileSystemSynchronizedBuildFileExceptionSet section */
		8242F6E82D6E0E5F00E30A90 /* Exceptions for "Nidaa" folder in "Nidaa" target */ = {
			isa = PBXFileSystemSynchronizedBuildFileExceptionSet;
			membershipExceptions = (
				CCCApp/Views/Team/ChatBubbleView.swift,
			);
			target = 8217ED272D5EA84900E5D94E /* Nidaa */;
		};
/* End PBXFileSystemSynchronizedBuildFileExceptionSet section */

/* Begin PBXFileSystemSynchronizedRootGroup section */
		8217ED2A2D5EA84900E5D94E /* Nidaa */ = {
			isa = PBXFileSystemSynchronizedRootGroup;
			exceptions = (
				8242F6E82D6E0E5F00E30A90 /* Exceptions for "Nidaa" folder in "Nidaa" target */,
			);
			path = Nidaa;
			sourceTree = "<group>";
		};
		8217ED3D2D5EA84C00E5D94E /* NidaaTests */ = {
			isa = PBXFileSystemSynchronizedRootGroup;
			path = NidaaTests;
			sourceTree = "<group>";
		};
		8217ED472D5EA84C00E5D94E /* NidaaUITests */ = {
			isa = PBXFileSystemSynchronizedRootGroup;
			path = NidaaUITests;
			sourceTree = "<group>";
		};
/* End PBXFileSystemSynchronizedRootGroup section */

/* Begin PBXFrameworksBuildPhase section */
		8217ED252D5EA84900E5D94E /* Frameworks */ = {
			isa = PBXFrameworksBuildPhase;
			buildActionMask = 2147483647;
			files = (
				822D49892D64230800B24063 /* CoreMedia.framework in Frameworks */,
				822D49852D6422EB00B24063 /* AVFoundation.framework in Frameworks */,
				822D498B2D64231400B24063 /* CoreAudio.framework in Frameworks */,
				822D49872D6422FA00B24063 /* AudioToolbox.framework in Frameworks */,
			);
			runOnlyForDeploymentPostprocessing = 0;
		};
		8217ED372D5EA84C00E5D94E /* Frameworks */ = {
			isa = PBXFrameworksBuildPhase;
			buildActionMask = 2147483647;
			files = (
			);
			runOnlyForDeploymentPostprocessing = 0;
		};
		8217ED412D5EA84C00E5D94E /* Frameworks */ = {
			isa = PBXFrameworksBuildPhase;
			buildActionMask = 2147483647;
			files = (
			);
			runOnlyForDeploymentPostprocessing = 0;
		};
/* End PBXFrameworksBuildPhase section */

/* Begin PBXGroup section */
		8217ED1F2D5EA84900E5D94E = {
			isa = PBXGroup;
			children = (
				8217ED2A2D5EA84900E5D94E /* Nidaa */,
				8217ED3D2D5EA84C00E5D94E /* NidaaTests */,
				8217ED472D5EA84C00E5D94E /* NidaaUITests */,
				82C81A702D601C9600AB3725 /* Frameworks */,
				8217ED292D5EA84900E5D94E /* Products */,
			);
			sourceTree = "<group>";
		};
		8217ED292D5EA84900E5D94E /* Products */ = {
			isa = PBXGroup;
			children = (
				8217ED282D5EA84900E5D94E /* Nidaa.app */,
				8217ED3A2D5EA84C00E5D94E /* NidaaTests.xctest */,
				8217ED442D5EA84C00E5D94E /* NidaaUITests.xctest */,
			);
			name = Products;
			sourceTree = "<group>";
		};
		82C81A702D601C9600AB3725 /* Frameworks */ = {
			isa = PBXGroup;
			children = (
				822D498A2D64231300B24063 /* CoreAudio.framework */,
				822D49882D64230800B24063 /* CoreMedia.framework */,
				822D49862D6422FA00B24063 /* AudioToolbox.framework */,
				822D49842D6422EB00B24063 /* AVFoundation.framework */,
			);
			name = Frameworks;
			sourceTree = "<group>";
		};
/* End PBXGroup section */

/* Begin PBXNativeTarget section */
		8217ED272D5EA84900E5D94E /* Nidaa */ = {
			isa = PBXNativeTarget;
			buildConfigurationList = 8217ED4E2D5EA84C00E5D94E /* Build configuration list for PBXNativeTarget "Nidaa" */;
			buildPhases = (
				8217ED242D5EA84900E5D94E /* Sources */,
				8217ED252D5EA84900E5D94E /* Frameworks */,
				8217ED262D5EA84900E5D94E /* Resources */,
			);
			buildRules = (
			);
			dependencies = (
			);
			fileSystemSynchronizedGroups = (
				8217ED2A2D5EA84900E5D94E /* Nidaa */,
			);
			name = Nidaa;
			packageProductDependencies = (
			);
			productName = Nidaa;
			productReference = 8217ED282D5EA84900E5D94E /* Nidaa.app */;
			productType = "com.apple.product-type.application";
		};
		8217ED392D5EA84C00E5D94E /* NidaaTests */ = {
			isa = PBXNativeTarget;
			buildConfigurationList = 8217ED512D5EA84C00E5D94E /* Build configuration list for PBXNativeTarget "NidaaTests" */;
			buildPhases = (
				8217ED362D5EA84C00E5D94E /* Sources */,
				8217ED372D5EA84C00E5D94E /* Frameworks */,
				8217ED382D5EA84C00E5D94E /* Resources */,
			);
			buildRules = (
			);
			dependencies = (
				8217ED3C2D5EA84C00E5D94E /* PBXTargetDependency */,
			);
			fileSystemSynchronizedGroups = (
				8217ED3D2D5EA84C00E5D94E /* NidaaTests */,
			);
			name = NidaaTests;
			packageProductDependencies = (
			);
			productName = NidaaTests;
			productReference = 8217ED3A2D5EA84C00E5D94E /* NidaaTests.xctest */;
			productType = "com.apple.product-type.bundle.unit-test";
		};
		8217ED432D5EA84C00E5D94E /* NidaaUITests */ = {
			isa = PBXNativeTarget;
			buildConfigurationList = 8217ED542D5EA84C00E5D94E /* Build configuration list for PBXNativeTarget "NidaaUITests" */;
			buildPhases = (
				8217ED402D5EA84C00E5D94E /* Sources */,
				8217ED412D5EA84C00E5D94E /* Frameworks */,
				8217ED422D5EA84C00E5D94E /* Resources */,
			);
			buildRules = (
			);
			dependencies = (
				8217ED462D5EA84C00E5D94E /* PBXTargetDependency */,
			);
			fileSystemSynchronizedGroups = (
				8217ED472D5EA84C00E5D94E /* NidaaUITests */,
			);
			name = NidaaUITests;
			packageProductDependencies = (
			);
			productName = NidaaUITests;
			productReference = 8217ED442D5EA84C00E5D94E /* NidaaUITests.xctest */;
			productType = "com.apple.product-type.bundle.ui-testing";
		};
/* End PBXNativeTarget section */

/* Begin PBXProject section */
		8217ED202D5EA84900E5D94E /* Project object */ = {
			isa = PBXProject;
			attributes = {
				BuildIndependentTargetsInParallel = 1;
				LastSwiftUpdateCheck = 1620;
				LastUpgradeCheck = 1620;
				TargetAttributes = {
					8217ED272D5EA84900E5D94E = {
						CreatedOnToolsVersion = 16.2;
					};
					8217ED392D5EA84C00E5D94E = {
						CreatedOnToolsVersion = 16.2;
						TestTargetID = 8217ED272D5EA84900E5D94E;
					};
					8217ED432D5EA84C00E5D94E = {
						CreatedOnToolsVersion = 16.2;
						TestTargetID = 8217ED272D5EA84900E5D94E;
					};
				};
			};
			buildConfigurationList = 8217ED232D5EA84900E5D94E /* Build configuration list for PBXProject "Nidaa" */;
			developmentRegion = en;
			hasScannedForEncodings = 0;
			knownRegions = (
				en,
				Base,
			);
			mainGroup = 8217ED1F2D5EA84900E5D94E;
			minimizedProjectReferenceProxies = 1;
			packageReferences = (
			);
			preferredProjectObjectVersion = 77;
			productRefGroup = 8217ED292D5EA84900E5D94E /* Products */;
			projectDirPath = "";
			projectRoot = "";
			targets = (
				8217ED272D5EA84900E5D94E /* Nidaa */,
				8217ED392D5EA84C00E5D94E /* NidaaTests */,
				8217ED432D5EA84C00E5D94E /* NidaaUITests */,
			);
		};
/* End PBXProject section */

/* Begin PBXResourcesBuildPhase section */
		8217ED262D5EA84900E5D94E /* Resources */ = {
			isa = PBXResourcesBuildPhase;
			buildActionMask = 2147483647;
			files = (
			);
			runOnlyForDeploymentPostprocessing = 0;
		};
		8217ED382D5EA84C00E5D94E /* Resources */ = {
			isa = PBXResourcesBuildPhase;
			buildActionMask = 2147483647;
			files = (
			);
			runOnlyForDeploymentPostprocessing = 0;
		};
		8217ED422D5EA84C00E5D94E /* Resources */ = {
			isa = PBXResourcesBuildPhase;
			buildActionMask = 2147483647;
			files = (
			);
			runOnlyForDeploymentPostprocessing = 0;
		};
/* End PBXResourcesBuildPhase section */

/* Begin PBXSourcesBuildPhase section */
		8217ED242D5EA84900E5D94E /* Sources */ = {
			isa = PBXSourcesBuildPhase;
			buildActionMask = 2147483647;
			files = (
			);
			runOnlyForDeploymentPostprocessing = 0;
		};
		8217ED362D5EA84C00E5D94E /* Sources */ = {
			isa = PBXSourcesBuildPhase;
			buildActionMask = 2147483647;
			files = (
			);
			runOnlyForDeploymentPostprocessing = 0;
		};
		8217ED402D5EA84C00E5D94E /* Sources */ = {
			isa = PBXSourcesBuildPhase;
			buildActionMask = 2147483647;
			files = (
			);
			runOnlyForDeploymentPostprocessing = 0;
		};
/* End PBXSourcesBuildPhase section */

/* Begin PBXTargetDependency section */
		8217ED3C2D5EA84C00E5D94E /* PBXTargetDependency */ = {
			isa = PBXTargetDependency;
			target = 8217ED272D5EA84900E5D94E /* Nidaa */;
			targetProxy = 8217ED3B2D5EA84C00E5D94E /* PBXContainerItemProxy */;
		};
		8217ED462D5EA84C00E5D94E /* PBXTargetDependency */ = {
			isa = PBXTargetDependency;
			target = 8217ED272D5EA84900E5D94E /* Nidaa */;
			targetProxy = 8217ED452D5EA84C00E5D94E /* PBXContainerItemProxy */;
		};
/* End PBXTargetDependency section */

/* Begin XCBuildConfiguration section */
		8217ED4C2D5EA84C00E5D94E /* Debug */ = {
			isa = XCBuildConfiguration;
			buildSettings = {
				ALWAYS_SEARCH_USER_PATHS = NO;
				ASSETCATALOG_COMPILER_GENERATE_SWIFT_ASSET_SYMBOL_EXTENSIONS = YES;
				CLANG_ANALYZER_NONNULL = YES;
				CLANG_ANALYZER_NUMBER_OBJECT_CONVERSION = YES_AGGRESSIVE;
				CLANG_CXX_LANGUAGE_STANDARD = "gnu++20";
				CLANG_ENABLE_MODULES = YES;
				CLANG_ENABLE_OBJC_ARC = YES;
				CLANG_ENABLE_OBJC_WEAK = YES;
				CLANG_WARN_BLOCK_CAPTURE_AUTORELEASING = YES;
				CLANG_WARN_BOOL_CONVERSION = YES;
				CLANG_WARN_COMMA = YES;
				CLANG_WARN_CONSTANT_CONVERSION = YES;
				CLANG_WARN_DEPRECATED_OBJC_IMPLEMENTATIONS = YES;
				CLANG_WARN_DIRECT_OBJC_ISA_USAGE = YES_ERROR;
				CLANG_WARN_DOCUMENTATION_COMMENTS = YES;
				CLANG_WARN_EMPTY_BODY = YES;
				CLANG_WARN_ENUM_CONVERSION = YES;
				CLANG_WARN_INFINITE_RECURSION = YES;
				CLANG_WARN_INT_CONVERSION = YES;
				CLANG_WARN_NON_LITERAL_NULL_CONVERSION = YES;
				CLANG_WARN_OBJC_IMPLICIT_RETAIN_SELF = YES;
				CLANG_WARN_OBJC_LITERAL_CONVERSION = YES;
				CLANG_WARN_OBJC_ROOT_CLASS = YES_ERROR;
				CLANG_WARN_QUOTED_INCLUDE_IN_FRAMEWORK_HEADER = YES;
				CLANG_WARN_RANGE_LOOP_ANALYSIS = YES;
				CLANG_WARN_STRICT_PROTOTYPES = YES;
				CLANG_WARN_SUSPICIOUS_MOVE = YES;
				CLANG_WARN_UNGUARDED_AVAILABILITY = YES_AGGRESSIVE;
				CLANG_WARN_UNREACHABLE_CODE = YES;
				CLANG_WARN__DUPLICATE_METHOD_MATCH = YES;
				COPY_PHASE_STRIP = NO;
				DEBUG_INFORMATION_FORMAT = dwarf;
				ENABLE_STRICT_OBJC_MSGSEND = YES;
				ENABLE_TESTABILITY = YES;
				ENABLE_USER_SCRIPT_SANDBOXING = YES;
				GCC_C_LANGUAGE_STANDARD = gnu17;
				GCC_DYNAMIC_NO_PIC = NO;
				GCC_NO_COMMON_BLOCKS = YES;
				GCC_OPTIMIZATION_LEVEL = 0;
				GCC_PREPROCESSOR_DEFINITIONS = (
					"DEBUG=1",
					"$(inherited)",
				);
				GCC_WARN_64_TO_32_BIT_CONVERSION = YES;
				GCC_WARN_ABOUT_RETURN_TYPE = YES_ERROR;
				GCC_WARN_UNDECLARED_SELECTOR = YES;
				GCC_WARN_UNINITIALIZED_AUTOS = YES_AGGRESSIVE;
				GCC_WARN_UNUSED_FUNCTION = YES;
				GCC_WARN_UNUSED_VARIABLE = YES;
				IPHONEOS_DEPLOYMENT_TARGET = 18.2;
				LOCALIZATION_PREFERS_STRING_CATALOGS = YES;
				MTL_ENABLE_DEBUG_INFO = INCLUDE_SOURCE;
				MTL_FAST_MATH = YES;
				ONLY_ACTIVE_ARCH = YES;
				SDKROOT = iphoneos;
				SWIFT_ACTIVE_COMPILATION_CONDITIONS = "DEBUG $(inherited)";
				SWIFT_OPTIMIZATION_LEVEL = "-Onone";
			};
			name = Debug;
		};
		8217ED4D2D5EA84C00E5D94E /* Release */ = {
			isa = XCBuildConfiguration;
			buildSettings = {
				ALWAYS_SEARCH_USER_PATHS = NO;
				ASSETCATALOG_COMPILER_GENERATE_SWIFT_ASSET_SYMBOL_EXTENSIONS = YES;
				CLANG_ANALYZER_NONNULL = YES;
				CLANG_ANALYZER_NUMBER_OBJECT_CONVERSION = YES_AGGRESSIVE;
				CLANG_CXX_LANGUAGE_STANDARD = "gnu++20";
				CLANG_ENABLE_MODULES = YES;
				CLANG_ENABLE_OBJC_ARC = YES;
				CLANG_ENABLE_OBJC_WEAK = YES;
				CLANG_WARN_BLOCK_CAPTURE_AUTORELEASING = YES;
				CLANG_WARN_BOOL_CONVERSION = YES;
				CLANG_WARN_COMMA = YES;
				CLANG_WARN_CONSTANT_CONVERSION = YES;
				CLANG_WARN_DEPRECATED_OBJC_IMPLEMENTATIONS = YES;
				CLANG_WARN_DIRECT_OBJC_ISA_USAGE = YES_ERROR;
				CLANG_WARN_DOCUMENTATION_COMMENTS = YES;
				CLANG_WARN_EMPTY_BODY = YES;
				CLANG_WARN_ENUM_CONVERSION = YES;
				CLANG_WARN_INFINITE_RECURSION = YES;
				CLANG_WARN_INT_CONVERSION = YES;
				CLANG_WARN_NON_LITERAL_NULL_CONVERSION = YES;
				CLANG_WARN_OBJC_IMPLICIT_RETAIN_SELF = YES;
				CLANG_WARN_OBJC_LITERAL_CONVERSION = YES;
				CLANG_WARN_OBJC_ROOT_CLASS = YES_ERROR;
				CLANG_WARN_QUOTED_INCLUDE_IN_FRAMEWORK_HEADER = YES;
				CLANG_WARN_RANGE_LOOP_ANALYSIS = YES;
				CLANG_WARN_STRICT_PROTOTYPES = YES;
				CLANG_WARN_SUSPICIOUS_MOVE = YES;
				CLANG_WARN_UNGUARDED_AVAILABILITY = YES_AGGRESSIVE;
				CLANG_WARN_UNREACHABLE_CODE = YES;
				CLANG_WARN__DUPLICATE_METHOD_MATCH = YES;
				COPY_PHASE_STRIP = NO;
				DEBUG_INFORMATION_FORMAT = "dwarf-with-dsym";
				ENABLE_NS_ASSERTIONS = NO;
				ENABLE_STRICT_OBJC_MSGSEND = YES;
				ENABLE_USER_SCRIPT_SANDBOXING = YES;
				GCC_C_LANGUAGE_STANDARD = gnu17;
				GCC_NO_COMMON_BLOCKS = YES;
				GCC_WARN_64_TO_32_BIT_CONVERSION = YES;
				GCC_WARN_ABOUT_RETURN_TYPE = YES_ERROR;
				GCC_WARN_UNDECLARED_SELECTOR = YES;
				GCC_WARN_UNINITIALIZED_AUTOS = YES_AGGRESSIVE;
				GCC_WARN_UNUSED_FUNCTION = YES;
				GCC_WARN_UNUSED_VARIABLE = YES;
				IPHONEOS_DEPLOYMENT_TARGET = 18.2;
				LOCALIZATION_PREFERS_STRING_CATALOGS = YES;
				MTL_ENABLE_DEBUG_INFO = NO;
				MTL_FAST_MATH = YES;
				SDKROOT = iphoneos;
				SWIFT_COMPILATION_MODE = wholemodule;
				VALIDATE_PRODUCT = YES;
			};
			name = Release;
		};
		8217ED4F2D5EA84C00E5D94E /* Debug */ = {
			isa = XCBuildConfiguration;
			buildSettings = {
				ASSETCATALOG_COMPILER_APPICON_NAME = AppIcon;
				ASSETCATALOG_COMPILER_GLOBAL_ACCENT_COLOR_NAME = AccentColor;
				CODE_SIGN_STYLE = Automatic;
				CURRENT_PROJECT_VERSION = 1;
				DEVELOPMENT_ASSET_PATHS = "\"Nidaa/Preview Content\"";
				DEVELOPMENT_TEAM = GK92R475GN;
				ENABLE_PREVIEWS = YES;
				GENERATE_INFOPLIST_FILE = YES;
				INFOPLIST_KEY_UIApplicationSceneManifest_Generation = YES;
				INFOPLIST_KEY_UIApplicationSupportsIndirectInputEvents = YES;
				INFOPLIST_KEY_UILaunchScreen_Generation = YES;
				INFOPLIST_KEY_UISupportedInterfaceOrientations_iPad = "UIInterfaceOrientationPortrait UIInterfaceOrientationPortraitUpsideDown UIInterfaceOrientationLandscapeLeft UIInterfaceOrientationLandscapeRight";
				INFOPLIST_KEY_UISupportedInterfaceOrientations_iPhone = "UIInterfaceOrientationPortrait UIInterfaceOrientationLandscapeLeft UIInterfaceOrientationLandscapeRight";
				LD_RUNPATH_SEARCH_PATHS = (
					"$(inherited)",
					"@executable_path/Frameworks",
				);
				MARKETING_VERSION = 1.0;
				PRODUCT_BUNDLE_IDENTIFIER = Orood.orood.Nidaa;
				PRODUCT_NAME = "$(TARGET_NAME)";
				SWIFT_EMIT_LOC_STRINGS = YES;
				SWIFT_TYPE_CHECKING_TIME = 5000;
				SWIFT_VERSION = 5.0;
				TARGETED_DEVICE_FAMILY = "1,2";
			};
			name = Debug;
		};
		8217ED502D5EA84C00E5D94E /* Release */ = {
			isa = XCBuildConfiguration;
			buildSettings = {
				ASSETCATALOG_COMPILER_APPICON_NAME = AppIcon;
				ASSETCATALOG_COMPILER_GLOBAL_ACCENT_COLOR_NAME = AccentColor;
				CODE_SIGN_STYLE = Automatic;
				CURRENT_PROJECT_VERSION = 1;
				DEVELOPMENT_ASSET_PATHS = "\"Nidaa/Preview Content\"";
				DEVELOPMENT_TEAM = GK92R475GN;
				ENABLE_PREVIEWS = YES;
				GENERATE_INFOPLIST_FILE = YES;
				INFOPLIST_KEY_UIApplicationSceneManifest_Generation = YES;
				INFOPLIST_KEY_UIApplicationSupportsIndirectInputEvents = YES;
				INFOPLIST_KEY_UILaunchScreen_Generation = YES;
				INFOPLIST_KEY_UISupportedInterfaceOrientations_iPad = "UIInterfaceOrientationPortrait UIInterfaceOrientationPortraitUpsideDown UIInterfaceOrientationLandscapeLeft UIInterfaceOrientationLandscapeRight";
				INFOPLIST_KEY_UISupportedInterfaceOrientations_iPhone = "UIInterfaceOrientationPortrait UIInterfaceOrientationLandscapeLeft UIInterfaceOrientationLandscapeRight";
				LD_RUNPATH_SEARCH_PATHS = (
					"$(inherited)",
					"@executable_path/Frameworks",
				);
				MARKETING_VERSION = 1.0;
				PRODUCT_BUNDLE_IDENTIFIER = Orood.orood.Nidaa;
				PRODUCT_NAME = "$(TARGET_NAME)";
				SWIFT_EMIT_LOC_STRINGS = YES;
				SWIFT_TYPE_CHECKING_TIME = 5000;
				SWIFT_VERSION = 5.0;
				TARGETED_DEVICE_FAMILY = "1,2";
			};
			name = Release;
		};
		8217ED522D5EA84C00E5D94E /* Debug */ = {
			isa = XCBuildConfiguration;
			buildSettings = {
				BUNDLE_LOADER = "$(TEST_HOST)";
				CODE_SIGN_STYLE = Automatic;
				CURRENT_PROJECT_VERSION = 1;
				DEVELOPMENT_TEAM = GK92R475GN;
				GENERATE_INFOPLIST_FILE = YES;
				IPHONEOS_DEPLOYMENT_TARGET = 18.2;
				MARKETING_VERSION = 1.0;
				PRODUCT_BUNDLE_IDENTIFIER = Orood.orood.NidaaTests;
				PRODUCT_NAME = "$(TARGET_NAME)";
				SWIFT_EMIT_LOC_STRINGS = NO;
				SWIFT_VERSION = 5.0;
				TARGETED_DEVICE_FAMILY = "1,2";
				TEST_HOST = "$(BUILT_PRODUCTS_DIR)/Nidaa.app/$(BUNDLE_EXECUTABLE_FOLDER_PATH)/Nidaa";
			};
			name = Debug;
		};
		8217ED532D5EA84C00E5D94E /* Release */ = {
			isa = XCBuildConfiguration;
			buildSettings = {
				BUNDLE_LOADER = "$(TEST_HOST)";
				CODE_SIGN_STYLE = Automatic;
				CURRENT_PROJECT_VERSION = 1;
				DEVELOPMENT_TEAM = GK92R475GN;
				GENERATE_INFOPLIST_FILE = YES;
				IPHONEOS_DEPLOYMENT_TARGET = 18.2;
				MARKETING_VERSION = 1.0;
				PRODUCT_BUNDLE_IDENTIFIER = Orood.orood.NidaaTests;
				PRODUCT_NAME = "$(TARGET_NAME)";
				SWIFT_EMIT_LOC_STRINGS = NO;
				SWIFT_VERSION = 5.0;
				TARGETED_DEVICE_FAMILY = "1,2";
				TEST_HOST = "$(BUILT_PRODUCTS_DIR)/Nidaa.app/$(BUNDLE_EXECUTABLE_FOLDER_PATH)/Nidaa";
			};
			name = Release;
		};
		8217ED552D5EA84C00E5D94E /* Debug */ = {
			isa = XCBuildConfiguration;
			buildSettings = {
				CODE_SIGN_STYLE = Automatic;
				CURRENT_PROJECT_VERSION = 1;
				DEVELOPMENT_TEAM = GK92R475GN;
				GENERATE_INFOPLIST_FILE = YES;
				MARKETING_VERSION = 1.0;
				PRODUCT_BUNDLE_IDENTIFIER = Orood.orood.NidaaUITests;
				PRODUCT_NAME = "$(TARGET_NAME)";
				SWIFT_EMIT_LOC_STRINGS = NO;
				SWIFT_VERSION = 5.0;
				TARGETED_DEVICE_FAMILY = "1,2";
				TEST_TARGET_NAME = Nidaa;
			};
			name = Debug;
		};
		8217ED562D5EA84C00E5D94E /* Release */ = {
			isa = XCBuildConfiguration;
			buildSettings = {
				CODE_SIGN_STYLE = Automatic;
				CURRENT_PROJECT_VERSION = 1;
				DEVELOPMENT_TEAM = GK92R475GN;
				GENERATE_INFOPLIST_FILE = YES;
				MARKETING_VERSION = 1.0;
				PRODUCT_BUNDLE_IDENTIFIER = Orood.orood.NidaaUITests;
				PRODUCT_NAME = "$(TARGET_NAME)";
				SWIFT_EMIT_LOC_STRINGS = NO;
				SWIFT_VERSION = 5.0;
				TARGETED_DEVICE_FAMILY = "1,2";
				TEST_TARGET_NAME = Nidaa;
			};
			name = Release;
		};
/* End XCBuildConfiguration section */

/* Begin XCConfigurationList section */
		8217ED232D5EA84900E5D94E /* Build configuration list for PBXProject "Nidaa" */ = {
			isa = XCConfigurationList;
			buildConfigurations = (
				8217ED4C2D5EA84C00E5D94E /* Debug */,
				8217ED4D2D5EA84C00E5D94E /* Release */,
			);
			defaultConfigurationIsVisible = 0;
			defaultConfigurationName = Release;
		};
		8217ED4E2D5EA84C00E5D94E /* Build configuration list for PBXNativeTarget "Nidaa" */ = {
			isa = XCConfigurationList;
			buildConfigurations = (
				8217ED4F2D5EA84C00E5D94E /* Debug */,
				8217ED502D5EA84C00E5D94E /* Release */,
			);
			defaultConfigurationIsVisible = 0;
			defaultConfigurationName = Release;
		};
		8217ED512D5EA84C00E5D94E /* Build configuration list for PBXNativeTarget "NidaaTests" */ = {
			isa = XCConfigurationList;
			buildConfigurations = (
				8217ED522D5EA84C00E5D94E /* Debug */,
				8217ED532D5EA84C00E5D94E /* Release */,
			);
			defaultConfigurationIsVisible = 0;
			defaultConfigurationName = Release;
		};
		8217ED542D5EA84C00E5D94E /* Build configuration list for PBXNativeTarget "NidaaUITests" */ = {
			isa = XCConfigurationList;
			buildConfigurations = (
				8217ED552D5EA84C00E5D94E /* Debug */,
				8217ED562D5EA84C00E5D94E /* Release */,
			);
			defaultConfigurationIsVisible = 0;
			defaultConfigurationName = Release;
		};
/* End XCConfigurationList section */
	};
	rootObject = 8217ED202D5EA84900E5D94E /* Project object */;
}
